
Microsoft Visual Studio Solution File, Format Version 12.00
# Visual Studio Version 16
VisualStudioVersion = 25.0.1706.14
MinimumVisualStudioVersion = 10.0.40219.1
Project("{FAE04EC0-301F-11D3-BF4B-00C04F79EFBC}") = "RiinaTask1", "RiinaTask1\RiinaTask1.csproj", "{CF709BBD-0581-4DBB-9604-4A90EA5DC6A9}"
EndProject
Global
	GlobalSection(SolutionConfigurationPlatforms) = preSolution
		Debug|Any CPU = Debug|Any CPU
		Release|Any CPU = Release|Any CPU
	EndGlobalSection
	GlobalSection(ProjectConfigurationPlatforms) = postSolution
		{CF709BBD-0581-4DBB-9604-4A90EA5DC6A9}.Debug|Any CPU.ActiveCfg = Debug|Any CPU
		{CF709BBD-0581-4DBB-9604-4A90EA5DC6A9}.Debug|Any CPU.Build.0 = Debug|Any CPU
		{CF709BBD-0581-4DBB-9604-4A90EA5DC6A9}.Release|Any CPU.ActiveCfg = Release|Any CPU
		{CF709BBD-0581-4DBB-9604-4A90EA5DC6A9}.Release|Any CPU.Build.0 = Release|Any CPU
	EndGlobalSection
	GlobalSection(SolutionProperties) = preSolution
		HideSolutionNode = FALSE
	EndGlobalSection
	GlobalSection(ExtensibilityGlobals) = postSolution
		SolutionGuid = {D0A6689E-159E-4923-A35F-937D2FEA9498}
	EndGlobalSection
EndGlobal
